<?xml version="1.0" encoding="utf-8"?>
<Project ToolsVersion="4.0" xmlns="http://schemas.microsoft.com/developer/msbuild/2003">
  <ItemGroup>
    <Filter Include="Source Files">
      <UniqueIdentifier>{4FC737F1-C7A5-4376-A066-2A32D752A2FF}</UniqueIdentifier>
      <Extensions>cpp;c;cc;cxx;c++;cppm;ixx;def;odl;idl;hpj;bat;asm;asmx</Extensions>
    </Filter>
    <Filter Include="Header Files">
      <UniqueIdentifier>{93995380-89BD-4b04-88EB-625FBE52EBFB}</UniqueIdentifier>
      <Extensions>h;hh;hpp;hxx;h++;hm;inl;inc;ipp;xsd</Extensions>
    </Filter>
    <Filter Include="Resource Files">
      <UniqueIdentifier>{67DA6AB6-F800-4c08-8B7A-83BB121AAD01}</UniqueIdentifier>
      <Extensions>rc;ico;cur;bmp;dlg;rc2;rct;bin;rgs;gif;jpg;jpeg;jpe;resx;tiff;tif;png;wav;mfcribbon-ms</Extensions>
    </Filter>
    <Filter Include="Header Files\Shaders">
      <UniqueIdentifier>{1a6e7c84-cb98-49d8-8827-50cb4cd4f553}</UniqueIdentifier>
    </Filter>
    <Filter Include="Source Files\Shaders">
      <UniqueIdentifier>{581d4f33-5027-4329-9810-dd23fdea2e2f}</UniqueIdentifier>
    </Filter>
    <Filter Include="Header Files\Meshes">
      <UniqueIdentifier>{7de8de9b-7dbf-467f-b902-c81b8fb7b628}</UniqueIdentifier>
    </Filter>
    <Filter Include="Source Files\Meshes">
      <UniqueIdentifier>{477f484c-2f65-4296-a02c-d5c13a8c24b6}</UniqueIdentifier>
    </Filter>
    <Filter Include="Header Files\Events">
      <UniqueIdentifier>{d3fa5b56-2e3e-4251-921b-04f31bdd637a}</UniqueIdentifier>
    </Filter>
    <Filter Include="Source Files\Events">
      <UniqueIdentifier>{209970c5-09c9-4f58-b232-26d819bcd1cc}</UniqueIdentifier>
    </Filter>
    <Filter Include="Header Files\Drawables">
      <UniqueIdentifier>{f1087a0f-735d-41c0-b59c-fee61f7c155a}</UniqueIdentifier>
    </Filter>
    <Filter Include="Header Files\Camera">
      <UniqueIdentifier>{2e20c726-b012-48c5-b97d-6714269a2955}</UniqueIdentifier>
    </Filter>
    <Filter Include="Source Files\Drawables">
      <UniqueIdentifier>{c8d8bbbf-57fb-4dac-a4d2-d3f54c1754a6}</UniqueIdentifier>
    </Filter>
    <Filter Include="Source Files\Camera">
      <UniqueIdentifier>{316d7281-a38e-4ab4-b154-30a58782f5a0}</UniqueIdentifier>
    </Filter>
    <Filter Include="Header Files\Transforms">
      <UniqueIdentifier>{dbd2ed8c-d272-48e4-8bd7-007a4d0af45a}</UniqueIdentifier>
    </Filter>
    <Filter Include="Source Files\Transforms">
      <UniqueIdentifier>{a271bb9b-07d7-4f68-a031-c5e818639bb1}</UniqueIdentifier>
    </Filter>
  </ItemGroup>
  <ItemGroup>
    <ClCompile Include="Main.cpp">
      <Filter>Source Files</Filter>
    </ClCompile>
    <ClCompile Include="Application.cpp">
      <Filter>Source Files</Filter>
    </ClCompile>
    <ClCompile Include="Window.cpp">
      <Filter>Source Files</Filter>
    </ClCompile>
    <ClCompile Include="Shaders\FragmentShader.cpp">
      <Filter>Source Files\Shaders</Filter>
    </ClCompile>
    <ClCompile Include="Shaders\Shader.cpp">
      <Filter>Source Files\Shaders</Filter>
    </ClCompile>
    <ClCompile Include="Shaders\VertexShader.cpp">
      <Filter>Source Files\Shaders</Filter>
    </ClCompile>
    <ClCompile Include="Shaders\ShaderProgram.cpp">
      <Filter>Source Files\Shaders</Filter>
    </ClCompile>
    <ClCompile Include="Meshes\Mesh.cpp">
      <Filter>Source Files\Meshes</Filter>
    </ClCompile>
    <ClCompile Include="Scene.cpp">
      <Filter>Source Files</Filter>
    </ClCompile>
    <ClCompile Include="Transforms\RotationTransform.cpp">
      <Filter>Source Files\Transforms</Filter>
    </ClCompile>
    <ClCompile Include="Transforms\TranslateTransform.cpp">
      <Filter>Source Files\Transforms</Filter>
    </ClCompile>
    <ClCompile Include="Transforms\CompositeTransform.cpp">
      <Filter>Source Files\Transforms</Filter>
    </ClCompile>
    <ClCompile Include="Transforms\ScaleTransform.cpp">
      <Filter>Source Files\Transforms</Filter>
    </ClCompile>
    <ClCompile Include="Drawables\DrawableObject.cpp">
      <Filter>Source Files\Drawables</Filter>
    </ClCompile>
    <ClCompile Include="Camera.cpp">
      <Filter>Source Files\Camera</Filter>
    </ClCompile>
    <ClCompile Include="Shaders\ShaderImporter.cpp">
      <Filter>Source Files</Filter>
    </ClCompile>
    <ClCompile Include="Lights\Light.cpp">
      <Filter>Source Files</Filter>
    </ClCompile>
    <ClCompile Include="Events\WindowEventHandler.cpp">
      <Filter>Source Files</Filter>
    </ClCompile>
    <ClCompile Include="Events\ApplicationEventHandler.cpp">
      <Filter>Source Files</Filter>
    </ClCompile>
    <ClCompile Include="Events\CameraEventHandler.cpp">
      <Filter>Source Files</Filter>
    </ClCompile>
    <ClCompile Include="Drawables\Material.cpp">
      <Filter>Source Files</Filter>
    </ClCompile>
    <ClCompile Include="Transforms\GeneralAxisRotationTransform.cpp">
      <Filter>Source Files</Filter>
    </ClCompile>
    <ClCompile Include="Transforms\ContinuousRotationTransform.cpp">
      <Filter>Source Files</Filter>
    </ClCompile>
    <ClCompile Include="Transforms\Transform.cpp">
      <Filter>Source Files</Filter>
    </ClCompile>
    <ClCompile Include="Events\LightEventHandler.cpp">
      <Filter>Source Files</Filter>
    </ClCompile>
    <ClCompile Include="Events\SceneEventHandler.cpp">
      <Filter>Source Files</Filter>
    </ClCompile>
    <ClCompile Include="Lights\PointLight.cpp">
      <Filter>Source Files</Filter>
    </ClCompile>
    <ClCompile Include="Lights\DirectionalLight.cpp">
      <Filter>Source Files</Filter>
    </ClCompile>
    <ClCompile Include="Lights\SpotLight.cpp">
      <Filter>Source Files</Filter>
    </ClCompile>
    <ClCompile Include="Meshes\TextureMesh.cpp">
      <Filter>Source Files</Filter>
    </ClCompile>
    <ClCompile Include="Drawables\Texture.cpp">
      <Filter>Source Files</Filter>
    </ClCompile>
    <ClCompile Include="Drawables\SkyboxTexture.cpp">
      <Filter>Source Files</Filter>
    </ClCompile>
    <ClCompile Include="Meshes\SkyboxMesh.cpp">
      <Filter>Source Files</Filter>
    </ClCompile>
  </ItemGroup>
  <ItemGroup>
    <ClInclude Include="Application.h">
      <Filter>Header Files</Filter>
    </ClInclude>
    <ClInclude Include="Window.h">
      <Filter>Header Files</Filter>
    </ClInclude>
    <ClInclude Include="Shaders\Shader.h">
      <Filter>Header Files\Shaders</Filter>
    </ClInclude>
    <ClInclude Include="Shaders\FragmentShader.h">
      <Filter>Header Files\Shaders</Filter>
    </ClInclude>
    <ClInclude Include="Shaders\VertexShader.h">
      <Filter>Header Files\Shaders</Filter>
    </ClInclude>
    <ClInclude Include="Shaders\ShaderProgram.h">
      <Filter>Header Files\Shaders</Filter>
    </ClInclude>
    <ClInclude Include="Meshes\Mesh.h">
      <Filter>Header Files\Meshes</Filter>
    </ClInclude>
    <ClInclude Include="Scene.h">
      <Filter>Header Files</Filter>
    </ClInclude>
    <ClInclude Include="Drawables\DrawableObject.h">
      <Filter>Header Files\Drawables</Filter>
    </ClInclude>
    <ClInclude Include="Transforms\Transform.h">
      <Filter>Header Files\Transforms</Filter>
    </ClInclude>
    <ClInclude Include="Transforms\RotationTransform.h">
      <Filter>Header Files\Transforms</Filter>
    </ClInclude>
    <ClInclude Include="Transforms\TranslateTransform.h">
      <Filter>Header Files\Transforms</Filter>
    </ClInclude>
    <ClInclude Include="Transforms\CompositeTransform.h">
      <Filter>Header Files\Transforms</Filter>
    </ClInclude>
    <ClInclude Include="Transforms\ScaleTransform.h">
      <Filter>Header Files\Transforms</Filter>
    </ClInclude>
    <ClInclude Include="Meshes\suzi_flat.h">
      <Filter>Header Files</Filter>
    </ClInclude>
    <ClInclude Include="Camera.h">
      <Filter>Header Files\Camera</Filter>
    </ClInclude>
    <ClInclude Include="Observables\ObservableObject.h">
      <Filter>Header Files</Filter>
    </ClInclude>
    <ClInclude Include="Meshes\suzi_smooth.h">
      <Filter>Header Files</Filter>
    </ClInclude>
    <ClInclude Include="Meshes\plain.h">
      <Filter>Header Files</Filter>
    </ClInclude>
    <ClInclude Include="Meshes\sphere.h">
      <Filter>Header Files</Filter>
    </ClInclude>
    <ClInclude Include="Meshes\square.h">
      <Filter>Header Files</Filter>
    </ClInclude>
    <ClInclude Include="Meshes\triangle.h">
      <Filter>Header Files</Filter>
    </ClInclude>
    <ClInclude Include="Shaders\ShaderImporter.h">
      <Filter>Header Files</Filter>
    </ClInclude>
    <ClInclude Include="Events\CursorPos.h">
      <Filter>Header Files</Filter>
    </ClInclude>
    <ClInclude Include="Lights\Light.h">
      <Filter>Header Files</Filter>
    </ClInclude>
    <ClInclude Include="Events\WindowEventHandler.h">
      <Filter>Header Files</Filter>
    </ClInclude>
    <ClInclude Include="Events\ApplicationEventHandler.h">
      <Filter>Header Files</Filter>
    </ClInclude>
    <ClInclude Include="Events\CameraEventHandler.h">
      <Filter>Header Files</Filter>
    </ClInclude>
    <ClInclude Include="Drawables\Material.h">
      <Filter>Header Files</Filter>
    </ClInclude>
    <ClInclude Include="Transforms\GeneralAxisRotationTransform.h">
      <Filter>Header Files</Filter>
    </ClInclude>
    <ClInclude Include="Transforms\ContinuousRotationTransform.h">
      <Filter>Header Files</Filter>
    </ClInclude>
    <ClInclude Include="Meshes\gift.h">
      <Filter>Header Files</Filter>
    </ClInclude>
    <ClInclude Include="Meshes\bushes.h">
      <Filter>Header Files</Filter>
    </ClInclude>
    <ClInclude Include="Meshes\tree.h">
      <Filter>Header Files</Filter>
    </ClInclude>
    <ClInclude Include="Events\LightEventHandler.h">
      <Filter>Header Files</Filter>
    </ClInclude>
    <ClInclude Include="Events\SceneEventHandler.h">
      <Filter>Header Files</Filter>
    </ClInclude>
    <ClInclude Include="Events\ScreenDimensions.h">
      <Filter>Header Files</Filter>
    </ClInclude>
    <ClInclude Include="Lights\PointLight.h">
      <Filter>Header Files</Filter>
    </ClInclude>
    <ClInclude Include="Lights\DirectionalLight.h">
      <Filter>Header Files</Filter>
    </ClInclude>
    <ClInclude Include="Lights\LightType.h">
      <Filter>Header Files</Filter>
    </ClInclude>
    <ClInclude Include="Lights\SpotLight.h">
      <Filter>Header Files</Filter>
    </ClInclude>
    <ClInclude Include="Meshes\TextureMesh.h">
      <Filter>Header Files</Filter>
    </ClInclude>
    <ClInclude Include="Drawables\Texture.h">
      <Filter>Header Files</Filter>
    </ClInclude>
    <ClInclude Include="Drawables\SkyboxTexture.h">
      <Filter>Header Files</Filter>
    </ClInclude>
    <ClInclude Include="Meshes\SkyboxMesh.h">
      <Filter>Header Files</Filter>
    </ClInclude>
    <ClInclude Include="Meshes\skycube.h">
      <Filter>Header Files</Filter>
    </ClInclude>
  </ItemGroup>
  <ItemGroup>
    <None Include="Shaders\Definitions\vertexShader.vert" />
    <None Include="Shaders\Definitions\fragmentShader.frag" />
    <None Include="Shaders\Definitions\fragmentShaderSolid.frag" />
    <None Include="Shaders\Definitions\fragmentShaderLambert.frag" />
    <None Include="Shaders\Definitions\fragmentShaderPhong.frag" />
    <None Include="Shaders\Definitions\fragmentShaderBlinn.frag" />
    <None Include="Shaders\Definitions\fragmentShaderBlinnNoRing.frag" />
    <None Include="Shaders\Definitions\fragmentShaderPhongNoRing.frag" />
    <None Include="Shaders\Definitions\textureTest.frag" />
    <None Include="Shaders\Definitions\textureTest.vert" />
    <None Include="Shaders\Definitions\vertexShaderSkybox.vert" />
    <None Include="Shaders\Definitions\fragmentShaderSkybox.frag" />
  </ItemGroup>
</Project>